{
  "originHash" : "486a9183cf57ca3adcb12f4b4540d6c05112140469fc2e1f22f1f262e64f2227",
  "pins" : [
    {
      "identity" : "swift-argument-parser",
      "kind" : "remoteSourceControl",
      "location" : "https://github.com/apple/swift-argument-parser",
      "state" : {
        "revision" : "41982a3656a71c768319979febd796c6fd111d5c",
        "version" : "1.5.0"
      }
    },
    {
      "identity" : "uiunittest",
      "kind" : "remoteSourceControl",
      "location" : "https://github.com/BrunoMazzo/UIUnitTest.git",
      "state" : {
        "branch" : "swift-testing",
<<<<<<< HEAD
        "revision" : "042743a132d0e16b10fae19ef0d911056c99b36a"
=======
        "revision" : "67193a4cf08bcb10cbfa9f42394dee644f06900b"
>>>>>>> 227dc65 (Try to fix Swipe actions)
      }
    }
  ],
  "version" : 3
}
