{
  "originHash" : "486a9183cf57ca3adcb12f4b4540d6c05112140469fc2e1f22f1f262e64f2227",
  "pins" : [
    {
      "identity" : "swift-argument-parser",
      "kind" : "remoteSourceControl",
      "location" : "https://github.com/apple/swift-argument-parser",
      "state" : {
        "revision" : "41982a3656a71c768319979febd796c6fd111d5c",
        "version" : "1.5.0"
      }
    },
    {
      "identity" : "uiunittest",
      "kind" : "remoteSourceControl",
      "location" : "https://github.com/BrunoMazzo/UIUnitTest.git",
      "state" : {
        "branch" : "swift-testing",
        "revision" : "269b524a5972ca6e8974971163e06d52c42b8792"
      }
    }
  ],
  "version" : 3
}
