{
  "pins" : [
    {
      "identity" : "flyingfox",
      "kind" : "remoteSourceControl",
      "location" : "https://github.com/swhitty/FlyingFox.git",
      "state" : {
        "branch" : "main",
        "revision" : "a8301df174a8660f5c464bee16c6452a7b58063d"
      }
    },
    {
      "identity" : "swift-argument-parser",
      "kind" : "remoteSourceControl",
      "location" : "https://github.com/apple/swift-argument-parser",
      "state" : {
        "revision" : "fee6933f37fde9a5e12a1e4aeaa93fe60116ff2a",
        "version" : "1.2.2"
      }
    },
    {
      "identity" : "uiunittest",
      "kind" : "remoteSourceControl",
      "location" : "https://github.com/BrunoMazzo/UIUnitTest.git",
      "state" : {
        "branch" : "main",
        "revision" : "38dd479f618fa68816351affa25543d61712e3f2"
      }
    }
  ],
  "version" : 2
}
