{
  "pins" : [
    {
      "identity" : "flyingfox",
      "kind" : "remoteSourceControl",
      "location" : "https://github.com/swhitty/FlyingFox.git",
      "state" : {
        "branch" : "main",
        "revision" : "4b925ad5e1fea4fca5cf53b0a4d980b29637560e"
      }
    },
    {
      "identity" : "swift-argument-parser",
      "kind" : "remoteSourceControl",
      "location" : "https://github.com/apple/swift-argument-parser",
      "state" : {
        "revision" : "fee6933f37fde9a5e12a1e4aeaa93fe60116ff2a",
        "version" : "1.2.2"
      }
    },
    {
      "identity" : "uiunittest",
      "kind" : "remoteSourceControl",
      "location" : "https://github.com/BrunoMazzo/UIUnitTest.git",
      "state" : {
        "branch" : "main",
        "revision" : "a3a46d4a9295e1aed0a0665a65d64a90be18fcba"
      }
    }
  ],
  "version" : 2
}
