{
  "originHash" : "cec6eada3aeef1a7161603afee83d308fe58ba11bcc829d3a4ab6b1952bb2ff6",
  "pins" : [
    {
      "identity" : "flyingfox",
      "kind" : "remoteSourceControl",
      "location" : "https://github.com/swhitty/FlyingFox.git",
      "state" : {
        "branch" : "main",
        "revision" : "75165bd8b0ae6236a09cb8b1a73e04b7508d9cdc"
      }
    },
    {
      "identity" : "swift-argument-parser",
      "kind" : "remoteSourceControl",
      "location" : "https://github.com/apple/swift-argument-parser",
      "state" : {
        "revision" : "46989693916f56d1186bd59ac15124caef896560",
        "version" : "1.3.1"
      }
    },
    {
      "identity" : "uiunittest",
      "kind" : "remoteSourceControl",
      "location" : "https://github.com/BrunoMazzo/UIUnitTest.git",
      "state" : {
        "branch" : "main",
        "revision" : "84c399bde129deac8880ee50e3efad1529aabb42"
      }
    }
  ],
  "version" : 3
}
